
Microsoft Visual Studio Solution File, Format Version 12.00
# Visual Studio Version 17
VisualStudioVersion = 17.5.002.0
MinimumVisualStudioVersion = 10.0.40219.1
Project("{9A19103F-16F7-4668-BE54-9A1E7A4F7556}") = "pilha", "pilha.csproj", "{50F9BD75-B0C2-4A0C-AB3B-15F33CDD6142}"
EndProject
Global
	GlobalSection(SolutionConfigurationPlatforms) = preSolution
		Debug|Any CPU = Debug|Any CPU
		Release|Any CPU = Release|Any CPU
	EndGlobalSection
	GlobalSection(ProjectConfigurationPlatforms) = postSolution
		{50F9BD75-B0C2-4A0C-AB3B-15F33CDD6142}.Debug|Any CPU.ActiveCfg = Debug|Any CPU
		{50F9BD75-B0C2-4A0C-AB3B-15F33CDD6142}.Debug|Any CPU.Build.0 = Debug|Any CPU
		{50F9BD75-B0C2-4A0C-AB3B-15F33CDD6142}.Release|Any CPU.ActiveCfg = Release|Any CPU
		{50F9BD75-B0C2-4A0C-AB3B-15F33CDD6142}.Release|Any CPU.Build.0 = Release|Any CPU
	EndGlobalSection
	GlobalSection(SolutionProperties) = preSolution
		HideSolutionNode = FALSE
	EndGlobalSection
	GlobalSection(ExtensibilityGlobals) = postSolution
		SolutionGuid = {BDB44120-6ADC-43C9-82A7-96265F76CBFF}
	EndGlobalSection
EndGlobal
